// !$*UTF8*$!
{
	archiveVersion = 1;
	classes = {
	};
	objectVersion = 56;
	objects = {

/* Begin PBXBuildFile section */
		C03884CF2B5536BD00DD7ADB /* AppDelegate.swift in Sources */ = {isa = PBXBuildFile; fileRef = C03884CE2B5536BD00DD7ADB /* AppDelegate.swift */; };
		C03884D12B5536BD00DD7ADB /* SceneDelegate.swift in Sources */ = {isa = PBXBuildFile; fileRef = C03884D02B5536BD00DD7ADB /* SceneDelegate.swift */; };
		C03884D32B5536BD00DD7ADB /* HomeViewController.swift in Sources */ = {isa = PBXBuildFile; fileRef = C03884D22B5536BD00DD7ADB /* HomeViewController.swift */; };
		C03884D82B5536BF00DD7ADB /* Assets.xcassets in Resources */ = {isa = PBXBuildFile; fileRef = C03884D72B5536BF00DD7ADB /* Assets.xcassets */; };
		C03884DB2B5536BF00DD7ADB /* LaunchScreen.storyboard in Resources */ = {isa = PBXBuildFile; fileRef = C03884D92B5536BF00DD7ADB /* LaunchScreen.storyboard */; };
		C03885012B553E3400DD7ADB /* Carbon in Frameworks */ = {isa = PBXBuildFile; productRef = C03885002B553E3400DD7ADB /* Carbon */; };
		C03885042B553E5000DD7ADB /* SnapKit in Frameworks */ = {isa = PBXBuildFile; productRef = C03885032B553E5000DD7ADB /* SnapKit */; };
		C038850A2B5558D200DD7ADB /* HomeItem.swift in Sources */ = {isa = PBXBuildFile; fileRef = C03885092B5558D200DD7ADB /* HomeItem.swift */; };
		C038850C2B55CABB00DD7ADB /* HelloViewController.swift in Sources */ = {isa = PBXBuildFile; fileRef = C038850B2B55CABB00DD7ADB /* HelloViewController.swift */; };
		C038850E2B55CC1C00DD7ADB /* Header.swift in Sources */ = {isa = PBXBuildFile; fileRef = C038850D2B55CC1C00DD7ADB /* Header.swift */; };
		C03885102B55CFB400DD7ADB /* Global.swift in Sources */ = {isa = PBXBuildFile; fileRef = C038850F2B55CFB400DD7ADB /* Global.swift */; };
		C038851A2B55DD4600DD7ADB /* HelloItem.swift in Sources */ = {isa = PBXBuildFile; fileRef = C03885192B55DD4600DD7ADB /* HelloItem.swift */; };
		C038851C2B55DF4C00DD7ADB /* Footer.swift in Sources */ = {isa = PBXBuildFile; fileRef = C038851B2B55DF4C00DD7ADB /* Footer.swift */; };
		C0771C642B6DD04B00780707 /* PageViewController.swift in Sources */ = {isa = PBXBuildFile; fileRef = C0771C632B6DD04B00780707 /* PageViewController.swift */; };
		C0771C672B6DE0CD00780707 /* IdTestViewController.swift in Sources */ = {isa = PBXBuildFile; fileRef = C0771C662B6DE0CD00780707 /* IdTestViewController.swift */; };
		C0771C692B6DE1CD00780707 /* PokemonItem.swift in Sources */ = {isa = PBXBuildFile; fileRef = C0771C682B6DE1CD00780707 /* PokemonItem.swift */; };
		C0771C6B2B6E126000780707 /* PageItem.swift in Sources */ = {isa = PBXBuildFile; fileRef = C0771C6A2B6E126000780707 /* PageItem.swift */; };
		C0771C6D2B6E128400780707 /* PageHeaderItem.swift in Sources */ = {isa = PBXBuildFile; fileRef = C0771C6C2B6E128400780707 /* PageHeaderItem.swift */; };
		C0C63F722B679CC800771E55 /* TodoCustomViewController.swift in Sources */ = {isa = PBXBuildFile; fileRef = C0C63F712B679CC800771E55 /* TodoCustomViewController.swift */; };
		C0C63F752B679DA500771E55 /* TodoCustomItem.swift in Sources */ = {isa = PBXBuildFile; fileRef = C0C63F742B679DA500771E55 /* TodoCustomItem.swift */; };
		C0C63F772B67A4BF00771E55 /* EmptyItem.swift in Sources */ = {isa = PBXBuildFile; fileRef = C0C63F762B67A4BF00771E55 /* EmptyItem.swift */; };
		C0C63F792B67AF7F00771E55 /* TodoCustomTest.swift in Sources */ = {isa = PBXBuildFile; fileRef = C0C63F782B67AF7F00771E55 /* TodoCustomTest.swift */; };
		C0EA640C2B5B5F7E005038AF /* HelloViewTest.swift in Sources */ = {isa = PBXBuildFile; fileRef = C0EA640B2B5B5F7E005038AF /* HelloViewTest.swift */; };
		C0EA64132B5B8CDF005038AF /* PangramViewController.swift in Sources */ = {isa = PBXBuildFile; fileRef = C0EA64122B5B8CDF005038AF /* PangramViewController.swift */; };
		C0EA64152B5B8D10005038AF /* PangramItem.swift in Sources */ = {isa = PBXBuildFile; fileRef = C0EA64142B5B8D10005038AF /* PangramItem.swift */; };
		C0EA64172B5BAD36005038AF /* PangramTest.swift in Sources */ = {isa = PBXBuildFile; fileRef = C0EA64162B5BAD36005038AF /* PangramTest.swift */; };
		C0EA8E4F2B5CD4E20073C1D4 /* KyotoViewController.swift in Sources */ = {isa = PBXBuildFile; fileRef = C0EA8E4E2B5CD4E20073C1D4 /* KyotoViewController.swift */; };
		C0EA8E512B5CD5AC0073C1D4 /* KyotoTopItem.swift in Sources */ = {isa = PBXBuildFile; fileRef = C0EA8E502B5CD5AC0073C1D4 /* KyotoTopItem.swift */; };
		C0EA8E532B5CF0A20073C1D4 /* KyotoImageItem.swift in Sources */ = {isa = PBXBuildFile; fileRef = C0EA8E522B5CF0A20073C1D4 /* KyotoImageItem.swift */; };
		C0EA8E562B5CF7A30073C1D4 /* MagazineLayout in Frameworks */ = {isa = PBXBuildFile; productRef = C0EA8E552B5CF7A30073C1D4 /* MagazineLayout */; };
		C0EA8E582B5CF84B0073C1D4 /* KyotoMagazineLayoutAdapter.swift in Sources */ = {isa = PBXBuildFile; fileRef = C0EA8E572B5CF84B0073C1D4 /* KyotoMagazineLayoutAdapter.swift */; };
		C0EA8E5A2B5D2A160073C1D4 /* KyotoTest.swift in Sources */ = {isa = PBXBuildFile; fileRef = C0EA8E592B5D2A160073C1D4 /* KyotoTest.swift */; };
/* End PBXBuildFile section */

/* Begin PBXContainerItemProxy section */
		C03884E22B5536BF00DD7ADB /* PBXContainerItemProxy */ = {
			isa = PBXContainerItemProxy;
			containerPortal = C03884C32B5536BD00DD7ADB /* Project object */;
			proxyType = 1;
			remoteGlobalIDString = C03884CA2B5536BD00DD7ADB;
			remoteInfo = CarbonPractice;
		};
/* End PBXContainerItemProxy section */

/* Begin PBXFileReference section */
		C03884CB2B5536BD00DD7ADB /* CarbonPractice.app */ = {isa = PBXFileReference; explicitFileType = wrapper.application; includeInIndex = 0; path = CarbonPractice.app; sourceTree = BUILT_PRODUCTS_DIR; };
		C03884CE2B5536BD00DD7ADB /* AppDelegate.swift */ = {isa = PBXFileReference; lastKnownFileType = sourcecode.swift; path = AppDelegate.swift; sourceTree = "<group>"; };
		C03884D02B5536BD00DD7ADB /* SceneDelegate.swift */ = {isa = PBXFileReference; lastKnownFileType = sourcecode.swift; path = SceneDelegate.swift; sourceTree = "<group>"; };
		C03884D22B5536BD00DD7ADB /* HomeViewController.swift */ = {isa = PBXFileReference; lastKnownFileType = sourcecode.swift; path = HomeViewController.swift; sourceTree = "<group>"; };
		C03884D72B5536BF00DD7ADB /* Assets.xcassets */ = {isa = PBXFileReference; lastKnownFileType = folder.assetcatalog; path = Assets.xcassets; sourceTree = "<group>"; };
		C03884DA2B5536BF00DD7ADB /* Base */ = {isa = PBXFileReference; lastKnownFileType = file.storyboard; name = Base; path = Base.lproj/LaunchScreen.storyboard; sourceTree = "<group>"; };
		C03884DC2B5536BF00DD7ADB /* Info.plist */ = {isa = PBXFileReference; lastKnownFileType = text.plist.xml; path = Info.plist; sourceTree = "<group>"; };
		C03884E12B5536BF00DD7ADB /* CarbonPracticeTests.xctest */ = {isa = PBXFileReference; explicitFileType = wrapper.cfbundle; includeInIndex = 0; path = CarbonPracticeTests.xctest; sourceTree = BUILT_PRODUCTS_DIR; };
		C03885092B5558D200DD7ADB /* HomeItem.swift */ = {isa = PBXFileReference; lastKnownFileType = sourcecode.swift; path = HomeItem.swift; sourceTree = "<group>"; };
		C038850B2B55CABB00DD7ADB /* HelloViewController.swift */ = {isa = PBXFileReference; lastKnownFileType = sourcecode.swift; path = HelloViewController.swift; sourceTree = "<group>"; };
		C038850D2B55CC1C00DD7ADB /* Header.swift */ = {isa = PBXFileReference; lastKnownFileType = sourcecode.swift; path = Header.swift; sourceTree = "<group>"; };
		C038850F2B55CFB400DD7ADB /* Global.swift */ = {isa = PBXFileReference; lastKnownFileType = sourcecode.swift; path = Global.swift; sourceTree = "<group>"; };
		C03885192B55DD4600DD7ADB /* HelloItem.swift */ = {isa = PBXFileReference; lastKnownFileType = sourcecode.swift; path = HelloItem.swift; sourceTree = "<group>"; };
		C038851B2B55DF4C00DD7ADB /* Footer.swift */ = {isa = PBXFileReference; lastKnownFileType = sourcecode.swift; path = Footer.swift; sourceTree = "<group>"; };
		C0771C632B6DD04B00780707 /* PageViewController.swift */ = {isa = PBXFileReference; lastKnownFileType = sourcecode.swift; path = PageViewController.swift; sourceTree = "<group>"; };
		C0771C662B6DE0CD00780707 /* IdTestViewController.swift */ = {isa = PBXFileReference; lastKnownFileType = sourcecode.swift; path = IdTestViewController.swift; sourceTree = "<group>"; };
		C0771C682B6DE1CD00780707 /* PokemonItem.swift */ = {isa = PBXFileReference; lastKnownFileType = sourcecode.swift; path = PokemonItem.swift; sourceTree = "<group>"; };
		C0771C6A2B6E126000780707 /* PageItem.swift */ = {isa = PBXFileReference; lastKnownFileType = sourcecode.swift; path = PageItem.swift; sourceTree = "<group>"; };
		C0771C6C2B6E128400780707 /* PageHeaderItem.swift */ = {isa = PBXFileReference; lastKnownFileType = sourcecode.swift; path = PageHeaderItem.swift; sourceTree = "<group>"; };
		C0C63F712B679CC800771E55 /* TodoCustomViewController.swift */ = {isa = PBXFileReference; lastKnownFileType = sourcecode.swift; path = TodoCustomViewController.swift; sourceTree = "<group>"; };
		C0C63F742B679DA500771E55 /* TodoCustomItem.swift */ = {isa = PBXFileReference; lastKnownFileType = sourcecode.swift; path = TodoCustomItem.swift; sourceTree = "<group>"; };
		C0C63F762B67A4BF00771E55 /* EmptyItem.swift */ = {isa = PBXFileReference; lastKnownFileType = sourcecode.swift; path = EmptyItem.swift; sourceTree = "<group>"; };
		C0C63F782B67AF7F00771E55 /* TodoCustomTest.swift */ = {isa = PBXFileReference; lastKnownFileType = sourcecode.swift; path = TodoCustomTest.swift; sourceTree = "<group>"; };
		C0EA640A2B5B5EF2005038AF /* CarbonPractice.xctestplan */ = {isa = PBXFileReference; lastKnownFileType = text; path = CarbonPractice.xctestplan; sourceTree = "<group>"; };
		C0EA640B2B5B5F7E005038AF /* HelloViewTest.swift */ = {isa = PBXFileReference; lastKnownFileType = sourcecode.swift; path = HelloViewTest.swift; sourceTree = "<group>"; };
		C0EA64122B5B8CDF005038AF /* PangramViewController.swift */ = {isa = PBXFileReference; lastKnownFileType = sourcecode.swift; path = PangramViewController.swift; sourceTree = "<group>"; };
		C0EA64142B5B8D10005038AF /* PangramItem.swift */ = {isa = PBXFileReference; lastKnownFileType = sourcecode.swift; path = PangramItem.swift; sourceTree = "<group>"; };
		C0EA64162B5BAD36005038AF /* PangramTest.swift */ = {isa = PBXFileReference; lastKnownFileType = sourcecode.swift; path = PangramTest.swift; sourceTree = "<group>"; };
		C0EA8E4E2B5CD4E20073C1D4 /* KyotoViewController.swift */ = {isa = PBXFileReference; lastKnownFileType = sourcecode.swift; path = KyotoViewController.swift; sourceTree = "<group>"; };
		C0EA8E502B5CD5AC0073C1D4 /* KyotoTopItem.swift */ = {isa = PBXFileReference; lastKnownFileType = sourcecode.swift; path = KyotoTopItem.swift; sourceTree = "<group>"; };
		C0EA8E522B5CF0A20073C1D4 /* KyotoImageItem.swift */ = {isa = PBXFileReference; lastKnownFileType = sourcecode.swift; path = KyotoImageItem.swift; sourceTree = "<group>"; };
		C0EA8E572B5CF84B0073C1D4 /* KyotoMagazineLayoutAdapter.swift */ = {isa = PBXFileReference; lastKnownFileType = sourcecode.swift; path = KyotoMagazineLayoutAdapter.swift; sourceTree = "<group>"; };
		C0EA8E592B5D2A160073C1D4 /* KyotoTest.swift */ = {isa = PBXFileReference; lastKnownFileType = sourcecode.swift; path = KyotoTest.swift; sourceTree = "<group>"; };
/* End PBXFileReference section */

/* Begin PBXFrameworksBuildPhase section */
		C03884C82B5536BD00DD7ADB /* Frameworks */ = {
			isa = PBXFrameworksBuildPhase;
			buildActionMask = 2147483647;
			files = (
				C03885012B553E3400DD7ADB /* Carbon in Frameworks */,
				C03885042B553E5000DD7ADB /* SnapKit in Frameworks */,
				C0EA8E562B5CF7A30073C1D4 /* MagazineLayout in Frameworks */,
			);
			runOnlyForDeploymentPostprocessing = 0;
		};
		C03884DE2B5536BF00DD7ADB /* Frameworks */ = {
			isa = PBXFrameworksBuildPhase;
			buildActionMask = 2147483647;
			files = (
			);
			runOnlyForDeploymentPostprocessing = 0;
		};
/* End PBXFrameworksBuildPhase section */

/* Begin PBXGroup section */
		C03884C22B5536BD00DD7ADB = {
			isa = PBXGroup;
			children = (
				C0EA640A2B5B5EF2005038AF /* CarbonPractice.xctestplan */,
				C03884CD2B5536BD00DD7ADB /* CarbonPractice */,
				C03884E42B5536BF00DD7ADB /* CarbonPracticeTests */,
				C03884CC2B5536BD00DD7ADB /* Products */,
			);
			sourceTree = "<group>";
		};
		C03884CC2B5536BD00DD7ADB /* Products */ = {
			isa = PBXGroup;
			children = (
				C03884CB2B5536BD00DD7ADB /* CarbonPractice.app */,
				C03884E12B5536BF00DD7ADB /* CarbonPracticeTests.xctest */,
			);
			name = Products;
			sourceTree = "<group>";
		};
		C03884CD2B5536BD00DD7ADB /* CarbonPractice */ = {
			isa = PBXGroup;
			children = (
				C0771C652B6DE0BE00780707 /* IdTestViewController */,
				C0771C622B6DD03F00780707 /* Page */,
				C0C63F702B679CB300771E55 /* TodoCustom */,
				C0EA8E4D2B5CD4D30073C1D4 /* Kyoto */,
				C0EA64112B5B8CCB005038AF /* Pangram */,
				C03885142B55D54D00DD7ADB /* Hello */,
				C03885132B55D53A00DD7ADB /* App */,
				C03885122B55D52E00DD7ADB /* Global */,
				C03885112B55D51E00DD7ADB /* Home */,
				C03884DC2B5536BF00DD7ADB /* Info.plist */,
			);
			path = CarbonPractice;
			sourceTree = "<group>";
		};
		C03884E42B5536BF00DD7ADB /* CarbonPracticeTests */ = {
			isa = PBXGroup;
			children = (
				C0EA640B2B5B5F7E005038AF /* HelloViewTest.swift */,
				C0EA64162B5BAD36005038AF /* PangramTest.swift */,
				C0EA8E592B5D2A160073C1D4 /* KyotoTest.swift */,
				C0C63F782B67AF7F00771E55 /* TodoCustomTest.swift */,
			);
			path = CarbonPracticeTests;
			sourceTree = "<group>";
		};
		C03885112B55D51E00DD7ADB /* Home */ = {
			isa = PBXGroup;
			children = (
				C03884D22B5536BD00DD7ADB /* HomeViewController.swift */,
				C03885092B5558D200DD7ADB /* HomeItem.swift */,
			);
			path = Home;
			sourceTree = "<group>";
		};
		C03885122B55D52E00DD7ADB /* Global */ = {
			isa = PBXGroup;
			children = (
				C038850D2B55CC1C00DD7ADB /* Header.swift */,
				C038850F2B55CFB400DD7ADB /* Global.swift */,
				C038851B2B55DF4C00DD7ADB /* Footer.swift */,
			);
			path = Global;
			sourceTree = "<group>";
		};
		C03885132B55D53A00DD7ADB /* App */ = {
			isa = PBXGroup;
			children = (
				C03884CE2B5536BD00DD7ADB /* AppDelegate.swift */,
				C03884D02B5536BD00DD7ADB /* SceneDelegate.swift */,
				C03884D72B5536BF00DD7ADB /* Assets.xcassets */,
				C03884D92B5536BF00DD7ADB /* LaunchScreen.storyboard */,
			);
			path = App;
			sourceTree = "<group>";
		};
		C03885142B55D54D00DD7ADB /* Hello */ = {
			isa = PBXGroup;
			children = (
				C038850B2B55CABB00DD7ADB /* HelloViewController.swift */,
				C03885192B55DD4600DD7ADB /* HelloItem.swift */,
			);
			path = Hello;
			sourceTree = "<group>";
		};
		C0771C622B6DD03F00780707 /* Page */ = {
			isa = PBXGroup;
			children = (
				C0771C632B6DD04B00780707 /* PageViewController.swift */,
				C0771C6A2B6E126000780707 /* PageItem.swift */,
				C0771C6C2B6E128400780707 /* PageHeaderItem.swift */,
			);
			path = Page;
			sourceTree = "<group>";
		};
		C0771C652B6DE0BE00780707 /* IdTestViewController */ = {
			isa = PBXGroup;
			children = (
				C0771C662B6DE0CD00780707 /* IdTestViewController.swift */,
				C0771C682B6DE1CD00780707 /* PokemonItem.swift */,
			);
			path = IdTestViewController;
			sourceTree = "<group>";
		};
		C0C63F702B679CB300771E55 /* TodoCustom */ = {
			isa = PBXGroup;
			children = (
				C0C63F712B679CC800771E55 /* TodoCustomViewController.swift */,
				C0C63F742B679DA500771E55 /* TodoCustomItem.swift */,
				C0C63F762B67A4BF00771E55 /* EmptyItem.swift */,
			);
			path = TodoCustom;
			sourceTree = "<group>";
		};
		C0EA64112B5B8CCB005038AF /* Pangram */ = {
			isa = PBXGroup;
			children = (
				C0EA64122B5B8CDF005038AF /* PangramViewController.swift */,
				C0EA64142B5B8D10005038AF /* PangramItem.swift */,
			);
			path = Pangram;
			sourceTree = "<group>";
		};
		C0EA8E4D2B5CD4D30073C1D4 /* Kyoto */ = {
			isa = PBXGroup;
			children = (
				C0EA8E4E2B5CD4E20073C1D4 /* KyotoViewController.swift */,
				C0EA8E502B5CD5AC0073C1D4 /* KyotoTopItem.swift */,
				C0EA8E522B5CF0A20073C1D4 /* KyotoImageItem.swift */,
				C0EA8E572B5CF84B0073C1D4 /* KyotoMagazineLayoutAdapter.swift */,
			);
			path = Kyoto;
			sourceTree = "<group>";
		};
/* End PBXGroup section */

/* Begin PBXNativeTarget section */
		C03884CA2B5536BD00DD7ADB /* CarbonPractice */ = {
			isa = PBXNativeTarget;
			buildConfigurationList = C03884F52B5536BF00DD7ADB /* Build configuration list for PBXNativeTarget "CarbonPractice" */;
			buildPhases = (
				C03884C72B5536BD00DD7ADB /* Sources */,
				C03884C82B5536BD00DD7ADB /* Frameworks */,
				C03884C92B5536BD00DD7ADB /* Resources */,
			);
			buildRules = (
			);
			dependencies = (
			);
			name = CarbonPractice;
			packageProductDependencies = (
				C03885002B553E3400DD7ADB /* Carbon */,
				C03885032B553E5000DD7ADB /* SnapKit */,
				C0EA8E552B5CF7A30073C1D4 /* MagazineLayout */,
			);
			productName = CarbonPractice;
			productReference = C03884CB2B5536BD00DD7ADB /* CarbonPractice.app */;
			productType = "com.apple.product-type.application";
		};
		C03884E02B5536BF00DD7ADB /* CarbonPracticeTests */ = {
			isa = PBXNativeTarget;
			buildConfigurationList = C03884F82B5536BF00DD7ADB /* Build configuration list for PBXNativeTarget "CarbonPracticeTests" */;
			buildPhases = (
				C03884DD2B5536BF00DD7ADB /* Sources */,
				C03884DE2B5536BF00DD7ADB /* Frameworks */,
				C03884DF2B5536BF00DD7ADB /* Resources */,
			);
			buildRules = (
			);
			dependencies = (
				C03884E32B5536BF00DD7ADB /* PBXTargetDependency */,
			);
			name = CarbonPracticeTests;
			productName = CarbonPracticeTests;
			productReference = C03884E12B5536BF00DD7ADB /* CarbonPracticeTests.xctest */;
			productType = "com.apple.product-type.bundle.unit-test";
		};
/* End PBXNativeTarget section */

/* Begin PBXProject section */
		C03884C32B5536BD00DD7ADB /* Project object */ = {
			isa = PBXProject;
			attributes = {
				BuildIndependentTargetsInParallel = 1;
				LastSwiftUpdateCheck = 1520;
				LastUpgradeCheck = 1520;
				TargetAttributes = {
					C03884CA2B5536BD00DD7ADB = {
						CreatedOnToolsVersion = 15.2;
					};
					C03884E02B5536BF00DD7ADB = {
						CreatedOnToolsVersion = 15.2;
						TestTargetID = C03884CA2B5536BD00DD7ADB;
					};
				};
			};
			buildConfigurationList = C03884C62B5536BD00DD7ADB /* Build configuration list for PBXProject "CarbonPractice" */;
			compatibilityVersion = "Xcode 14.0";
			developmentRegion = en;
			hasScannedForEncodings = 0;
			knownRegions = (
				en,
				Base,
			);
			mainGroup = C03884C22B5536BD00DD7ADB;
			packageReferences = (
				C03884FF2B553E3400DD7ADB /* XCRemoteSwiftPackageReference "Carbon" */,
				C03885022B553E5000DD7ADB /* XCRemoteSwiftPackageReference "SnapKit" */,
				C0EA8E542B5CF7A30073C1D4 /* XCRemoteSwiftPackageReference "MagazineLayout" */,
			);
			productRefGroup = C03884CC2B5536BD00DD7ADB /* Products */;
			projectDirPath = "";
			projectRoot = "";
			targets = (
				C03884CA2B5536BD00DD7ADB /* CarbonPractice */,
				C03884E02B5536BF00DD7ADB /* CarbonPracticeTests */,
			);
		};
/* End PBXProject section */

/* Begin PBXResourcesBuildPhase section */
		C03884C92B5536BD00DD7ADB /* Resources */ = {
			isa = PBXResourcesBuildPhase;
			buildActionMask = 2147483647;
			files = (
				C03884DB2B5536BF00DD7ADB /* LaunchScreen.storyboard in Resources */,
				C03884D82B5536BF00DD7ADB /* Assets.xcassets in Resources */,
			);
			runOnlyForDeploymentPostprocessing = 0;
		};
		C03884DF2B5536BF00DD7ADB /* Resources */ = {
			isa = PBXResourcesBuildPhase;
			buildActionMask = 2147483647;
			files = (
			);
			runOnlyForDeploymentPostprocessing = 0;
		};
/* End PBXResourcesBuildPhase section */

/* Begin PBXSourcesBuildPhase section */
		C03884C72B5536BD00DD7ADB /* Sources */ = {
			isa = PBXSourcesBuildPhase;
			buildActionMask = 2147483647;
			files = (
				C0EA8E512B5CD5AC0073C1D4 /* KyotoTopItem.swift in Sources */,
				C0C63F752B679DA500771E55 /* TodoCustomItem.swift in Sources */,
				C0EA64152B5B8D10005038AF /* PangramItem.swift in Sources */,
				C038851C2B55DF4C00DD7ADB /* Footer.swift in Sources */,
				C0EA8E532B5CF0A20073C1D4 /* KyotoImageItem.swift in Sources */,
				C03884D32B5536BD00DD7ADB /* HomeViewController.swift in Sources */,
				C0C63F772B67A4BF00771E55 /* EmptyItem.swift in Sources */,
				C038850C2B55CABB00DD7ADB /* HelloViewController.swift in Sources */,
				C038850A2B5558D200DD7ADB /* HomeItem.swift in Sources */,
				C0771C672B6DE0CD00780707 /* IdTestViewController.swift in Sources */,
				C03884CF2B5536BD00DD7ADB /* AppDelegate.swift in Sources */,
				C038850E2B55CC1C00DD7ADB /* Header.swift in Sources */,
				C0C63F722B679CC800771E55 /* TodoCustomViewController.swift in Sources */,
				C0771C692B6DE1CD00780707 /* PokemonItem.swift in Sources */,
				C038851A2B55DD4600DD7ADB /* HelloItem.swift in Sources */,
				C0771C6B2B6E126000780707 /* PageItem.swift in Sources */,
				C0EA64132B5B8CDF005038AF /* PangramViewController.swift in Sources */,
				C0771C6D2B6E128400780707 /* PageHeaderItem.swift in Sources */,
				C0771C642B6DD04B00780707 /* PageViewController.swift in Sources */,
				C0EA8E4F2B5CD4E20073C1D4 /* KyotoViewController.swift in Sources */,
				C03884D12B5536BD00DD7ADB /* SceneDelegate.swift in Sources */,
				C03885102B55CFB400DD7ADB /* Global.swift in Sources */,
				C0EA8E582B5CF84B0073C1D4 /* KyotoMagazineLayoutAdapter.swift in Sources */,
			);
			runOnlyForDeploymentPostprocessing = 0;
		};
		C03884DD2B5536BF00DD7ADB /* Sources */ = {
			isa = PBXSourcesBuildPhase;
			buildActionMask = 2147483647;
			files = (
				C0C63F792B67AF7F00771E55 /* TodoCustomTest.swift in Sources */,
				C0EA8E5A2B5D2A160073C1D4 /* KyotoTest.swift in Sources */,
				C0EA64172B5BAD36005038AF /* PangramTest.swift in Sources */,
				C0EA640C2B5B5F7E005038AF /* HelloViewTest.swift in Sources */,
			);
			runOnlyForDeploymentPostprocessing = 0;
		};
/* End PBXSourcesBuildPhase section */

/* Begin PBXTargetDependency section */
		C03884E32B5536BF00DD7ADB /* PBXTargetDependency */ = {
			isa = PBXTargetDependency;
			target = C03884CA2B5536BD00DD7ADB /* CarbonPractice */;
			targetProxy = C03884E22B5536BF00DD7ADB /* PBXContainerItemProxy */;
		};
/* End PBXTargetDependency section */

/* Begin PBXVariantGroup section */
		C03884D92B5536BF00DD7ADB /* LaunchScreen.storyboard */ = {
			isa = PBXVariantGroup;
			children = (
				C03884DA2B5536BF00DD7ADB /* Base */,
			);
			name = LaunchScreen.storyboard;
			sourceTree = "<group>";
		};
/* End PBXVariantGroup section */

/* Begin XCBuildConfiguration section */
		C03884F32B5536BF00DD7ADB /* Debug */ = {
			isa = XCBuildConfiguration;
			buildSettings = {
				ALWAYS_SEARCH_USER_PATHS = NO;
				ASSETCATALOG_COMPILER_GENERATE_SWIFT_ASSET_SYMBOL_EXTENSIONS = YES;
				CLANG_ANALYZER_NONNULL = YES;
				CLANG_ANALYZER_NUMBER_OBJECT_CONVERSION = YES_AGGRESSIVE;
				CLANG_CXX_LANGUAGE_STANDARD = "gnu++20";
				CLANG_ENABLE_MODULES = YES;
				CLANG_ENABLE_OBJC_ARC = YES;
				CLANG_ENABLE_OBJC_WEAK = YES;
				CLANG_WARN_BLOCK_CAPTURE_AUTORELEASING = YES;
				CLANG_WARN_BOOL_CONVERSION = YES;
				CLANG_WARN_COMMA = YES;
				CLANG_WARN_CONSTANT_CONVERSION = YES;
				CLANG_WARN_DEPRECATED_OBJC_IMPLEMENTATIONS = YES;
				CLANG_WARN_DIRECT_OBJC_ISA_USAGE = YES_ERROR;
				CLANG_WARN_DOCUMENTATION_COMMENTS = YES;
				CLANG_WARN_EMPTY_BODY = YES;
				CLANG_WARN_ENUM_CONVERSION = YES;
				CLANG_WARN_INFINITE_RECURSION = YES;
				CLANG_WARN_INT_CONVERSION = YES;
				CLANG_WARN_NON_LITERAL_NULL_CONVERSION = YES;
				CLANG_WARN_OBJC_IMPLICIT_RETAIN_SELF = YES;
				CLANG_WARN_OBJC_LITERAL_CONVERSION = YES;
				CLANG_WARN_OBJC_ROOT_CLASS = YES_ERROR;
				CLANG_WARN_QUOTED_INCLUDE_IN_FRAMEWORK_HEADER = YES;
				CLANG_WARN_RANGE_LOOP_ANALYSIS = YES;
				CLANG_WARN_STRICT_PROTOTYPES = YES;
				CLANG_WARN_SUSPICIOUS_MOVE = YES;
				CLANG_WARN_UNGUARDED_AVAILABILITY = YES_AGGRESSIVE;
				CLANG_WARN_UNREACHABLE_CODE = YES;
				CLANG_WARN__DUPLICATE_METHOD_MATCH = YES;
				COPY_PHASE_STRIP = NO;
				DEBUG_INFORMATION_FORMAT = dwarf;
				ENABLE_STRICT_OBJC_MSGSEND = YES;
				ENABLE_TESTABILITY = YES;
				ENABLE_USER_SCRIPT_SANDBOXING = YES;
				GCC_C_LANGUAGE_STANDARD = gnu17;
				GCC_DYNAMIC_NO_PIC = NO;
				GCC_NO_COMMON_BLOCKS = YES;
				GCC_OPTIMIZATION_LEVEL = 0;
				GCC_PREPROCESSOR_DEFINITIONS = (
					"DEBUG=1",
					"$(inherited)",
				);
				GCC_WARN_64_TO_32_BIT_CONVERSION = YES;
				GCC_WARN_ABOUT_RETURN_TYPE = YES_ERROR;
				GCC_WARN_UNDECLARED_SELECTOR = YES;
				GCC_WARN_UNINITIALIZED_AUTOS = YES_AGGRESSIVE;
				GCC_WARN_UNUSED_FUNCTION = YES;
				GCC_WARN_UNUSED_VARIABLE = YES;
				IPHONEOS_DEPLOYMENT_TARGET = 14.0;
				LOCALIZATION_PREFERS_STRING_CATALOGS = YES;
				MTL_ENABLE_DEBUG_INFO = INCLUDE_SOURCE;
				MTL_FAST_MATH = YES;
				ONLY_ACTIVE_ARCH = YES;
				SDKROOT = iphoneos;
				SWIFT_ACTIVE_COMPILATION_CONDITIONS = "DEBUG $(inherited)";
				SWIFT_OPTIMIZATION_LEVEL = "-Onone";
			};
			name = Debug;
		};
		C03884F42B5536BF00DD7ADB /* Release */ = {
			isa = XCBuildConfiguration;
			buildSettings = {
				ALWAYS_SEARCH_USER_PATHS = NO;
				ASSETCATALOG_COMPILER_GENERATE_SWIFT_ASSET_SYMBOL_EXTENSIONS = YES;
				CLANG_ANALYZER_NONNULL = YES;
				CLANG_ANALYZER_NUMBER_OBJECT_CONVERSION = YES_AGGRESSIVE;
				CLANG_CXX_LANGUAGE_STANDARD = "gnu++20";
				CLANG_ENABLE_MODULES = YES;
				CLANG_ENABLE_OBJC_ARC = YES;
				CLANG_ENABLE_OBJC_WEAK = YES;
				CLANG_WARN_BLOCK_CAPTURE_AUTORELEASING = YES;
				CLANG_WARN_BOOL_CONVERSION = YES;
				CLANG_WARN_COMMA = YES;
				CLANG_WARN_CONSTANT_CONVERSION = YES;
				CLANG_WARN_DEPRECATED_OBJC_IMPLEMENTATIONS = YES;
				CLANG_WARN_DIRECT_OBJC_ISA_USAGE = YES_ERROR;
				CLANG_WARN_DOCUMENTATION_COMMENTS = YES;
				CLANG_WARN_EMPTY_BODY = YES;
				CLANG_WARN_ENUM_CONVERSION = YES;
				CLANG_WARN_INFINITE_RECURSION = YES;
				CLANG_WARN_INT_CONVERSION = YES;
				CLANG_WARN_NON_LITERAL_NULL_CONVERSION = YES;
				CLANG_WARN_OBJC_IMPLICIT_RETAIN_SELF = YES;
				CLANG_WARN_OBJC_LITERAL_CONVERSION = YES;
				CLANG_WARN_OBJC_ROOT_CLASS = YES_ERROR;
				CLANG_WARN_QUOTED_INCLUDE_IN_FRAMEWORK_HEADER = YES;
				CLANG_WARN_RANGE_LOOP_ANALYSIS = YES;
				CLANG_WARN_STRICT_PROTOTYPES = YES;
				CLANG_WARN_SUSPICIOUS_MOVE = YES;
				CLANG_WARN_UNGUARDED_AVAILABILITY = YES_AGGRESSIVE;
				CLANG_WARN_UNREACHABLE_CODE = YES;
				CLANG_WARN__DUPLICATE_METHOD_MATCH = YES;
				COPY_PHASE_STRIP = NO;
				DEBUG_INFORMATION_FORMAT = "dwarf-with-dsym";
				ENABLE_NS_ASSERTIONS = NO;
				ENABLE_STRICT_OBJC_MSGSEND = YES;
				ENABLE_USER_SCRIPT_SANDBOXING = YES;
				GCC_C_LANGUAGE_STANDARD = gnu17;
				GCC_NO_COMMON_BLOCKS = YES;
				GCC_WARN_64_TO_32_BIT_CONVERSION = YES;
				GCC_WARN_ABOUT_RETURN_TYPE = YES_ERROR;
				GCC_WARN_UNDECLARED_SELECTOR = YES;
				GCC_WARN_UNINITIALIZED_AUTOS = YES_AGGRESSIVE;
				GCC_WARN_UNUSED_FUNCTION = YES;
				GCC_WARN_UNUSED_VARIABLE = YES;
				IPHONEOS_DEPLOYMENT_TARGET = 14.0;
				LOCALIZATION_PREFERS_STRING_CATALOGS = YES;
				MTL_ENABLE_DEBUG_INFO = NO;
				MTL_FAST_MATH = YES;
				SDKROOT = iphoneos;
				SWIFT_COMPILATION_MODE = wholemodule;
				VALIDATE_PRODUCT = YES;
			};
			name = Release;
		};
		C03884F62B5536BF00DD7ADB /* Debug */ = {
			isa = XCBuildConfiguration;
			buildSettings = {
				ASSETCATALOG_COMPILER_APPICON_NAME = AppIcon;
				ASSETCATALOG_COMPILER_GLOBAL_ACCENT_COLOR_NAME = AccentColor;
				CODE_SIGN_STYLE = Automatic;
				CURRENT_PROJECT_VERSION = 1;
				DEVELOPMENT_TEAM = Z225784MRD;
				GENERATE_INFOPLIST_FILE = YES;
				INFOPLIST_FILE = CarbonPractice/Info.plist;
				INFOPLIST_KEY_UIApplicationSupportsIndirectInputEvents = YES;
				INFOPLIST_KEY_UILaunchStoryboardName = LaunchScreen;
				INFOPLIST_KEY_UISupportedInterfaceOrientations_iPad = "UIInterfaceOrientationPortrait UIInterfaceOrientationPortraitUpsideDown UIInterfaceOrientationLandscapeLeft UIInterfaceOrientationLandscapeRight";
				INFOPLIST_KEY_UISupportedInterfaceOrientations_iPhone = "UIInterfaceOrientationPortrait UIInterfaceOrientationLandscapeLeft UIInterfaceOrientationLandscapeRight";
				IPHONEOS_DEPLOYMENT_TARGET = 14.0;
				LD_RUNPATH_SEARCH_PATHS = (
					"$(inherited)",
					"@executable_path/Frameworks",
				);
				MARKETING_VERSION = 1.0;
				PRODUCT_BUNDLE_IDENTIFIER = uikit.CarbonPractice;
				PRODUCT_NAME = "$(TARGET_NAME)";
				SUPPORTED_PLATFORMS = "iphoneos iphonesimulator";
				SUPPORTS_MACCATALYST = NO;
				SUPPORTS_MAC_DESIGNED_FOR_IPHONE_IPAD = NO;
				SUPPORTS_XR_DESIGNED_FOR_IPHONE_IPAD = NO;
				SWIFT_EMIT_LOC_STRINGS = YES;
				SWIFT_VERSION = 5.0;
				TARGETED_DEVICE_FAMILY = 1;
			};
			name = Debug;
		};
		C03884F72B5536BF00DD7ADB /* Release */ = {
			isa = XCBuildConfiguration;
			buildSettings = {
				ASSETCATALOG_COMPILER_APPICON_NAME = AppIcon;
				ASSETCATALOG_COMPILER_GLOBAL_ACCENT_COLOR_NAME = AccentColor;
				CODE_SIGN_STYLE = Automatic;
				CURRENT_PROJECT_VERSION = 1;
				DEVELOPMENT_TEAM = Z225784MRD;
				GENERATE_INFOPLIST_FILE = YES;
				INFOPLIST_FILE = CarbonPractice/Info.plist;
				INFOPLIST_KEY_UIApplicationSupportsIndirectInputEvents = YES;
				INFOPLIST_KEY_UILaunchStoryboardName = LaunchScreen;
				INFOPLIST_KEY_UISupportedInterfaceOrientations_iPad = "UIInterfaceOrientationPortrait UIInterfaceOrientationPortraitUpsideDown UIInterfaceOrientationLandscapeLeft UIInterfaceOrientationLandscapeRight";
				INFOPLIST_KEY_UISupportedInterfaceOrientations_iPhone = "UIInterfaceOrientationPortrait UIInterfaceOrientationLandscapeLeft UIInterfaceOrientationLandscapeRight";
				IPHONEOS_DEPLOYMENT_TARGET = 14.0;
				LD_RUNPATH_SEARCH_PATHS = (
					"$(inherited)",
					"@executable_path/Frameworks",
				);
				MARKETING_VERSION = 1.0;
				PRODUCT_BUNDLE_IDENTIFIER = uikit.CarbonPractice;
				PRODUCT_NAME = "$(TARGET_NAME)";
				SUPPORTED_PLATFORMS = "iphoneos iphonesimulator";
				SUPPORTS_MACCATALYST = NO;
				SUPPORTS_MAC_DESIGNED_FOR_IPHONE_IPAD = NO;
				SUPPORTS_XR_DESIGNED_FOR_IPHONE_IPAD = NO;
				SWIFT_EMIT_LOC_STRINGS = YES;
				SWIFT_VERSION = 5.0;
				TARGETED_DEVICE_FAMILY = 1;
			};
			name = Release;
		};
		C03884F92B5536BF00DD7ADB /* Debug */ = {
			isa = XCBuildConfiguration;
			buildSettings = {
				ALWAYS_EMBED_SWIFT_STANDARD_LIBRARIES = YES;
				BUNDLE_LOADER = "$(TEST_HOST)";
				CODE_SIGN_STYLE = Automatic;
				CURRENT_PROJECT_VERSION = 1;
				DEVELOPMENT_TEAM = Z225784MRD;
				GENERATE_INFOPLIST_FILE = YES;
				IPHONEOS_DEPLOYMENT_TARGET = 17.2;
				MARKETING_VERSION = 1.0;
				PRODUCT_BUNDLE_IDENTIFIER = uikit.CarbonPracticeTests;
				PRODUCT_NAME = "$(TARGET_NAME)";
				SWIFT_EMIT_LOC_STRINGS = NO;
				SWIFT_VERSION = 5.0;
				TARGETED_DEVICE_FAMILY = "1,2";
				TEST_HOST = "$(BUILT_PRODUCTS_DIR)/CarbonPractice.app/$(BUNDLE_EXECUTABLE_FOLDER_PATH)/CarbonPractice";
			};
			name = Debug;
		};
		C03884FA2B5536BF00DD7ADB /* Release */ = {
			isa = XCBuildConfiguration;
			buildSettings = {
				ALWAYS_EMBED_SWIFT_STANDARD_LIBRARIES = YES;
				BUNDLE_LOADER = "$(TEST_HOST)";
				CODE_SIGN_STYLE = Automatic;
				CURRENT_PROJECT_VERSION = 1;
				DEVELOPMENT_TEAM = Z225784MRD;
				GENERATE_INFOPLIST_FILE = YES;
				IPHONEOS_DEPLOYMENT_TARGET = 17.2;
				MARKETING_VERSION = 1.0;
				PRODUCT_BUNDLE_IDENTIFIER = uikit.CarbonPracticeTests;
				PRODUCT_NAME = "$(TARGET_NAME)";
				SWIFT_EMIT_LOC_STRINGS = NO;
				SWIFT_VERSION = 5.0;
				TARGETED_DEVICE_FAMILY = "1,2";
				TEST_HOST = "$(BUILT_PRODUCTS_DIR)/CarbonPractice.app/$(BUNDLE_EXECUTABLE_FOLDER_PATH)/CarbonPractice";
			};
			name = Release;
		};
/* End XCBuildConfiguration section */

/* Begin XCConfigurationList section */
		C03884C62B5536BD00DD7ADB /* Build configuration list for PBXProject "CarbonPractice" */ = {
			isa = XCConfigurationList;
			buildConfigurations = (
				C03884F32B5536BF00DD7ADB /* Debug */,
				C03884F42B5536BF00DD7ADB /* Release */,
			);
			defaultConfigurationIsVisible = 0;
			defaultConfigurationName = Release;
		};
		C03884F52B5536BF00DD7ADB /* Build configuration list for PBXNativeTarget "CarbonPractice" */ = {
			isa = XCConfigurationList;
			buildConfigurations = (
				C03884F62B5536BF00DD7ADB /* Debug */,
				C03884F72B5536BF00DD7ADB /* Release */,
			);
			defaultConfigurationIsVisible = 0;
			defaultConfigurationName = Release;
		};
		C03884F82B5536BF00DD7ADB /* Build configuration list for PBXNativeTarget "CarbonPracticeTests" */ = {
			isa = XCConfigurationList;
			buildConfigurations = (
				C03884F92B5536BF00DD7ADB /* Debug */,
				C03884FA2B5536BF00DD7ADB /* Release */,
			);
			defaultConfigurationIsVisible = 0;
			defaultConfigurationName = Release;
		};
/* End XCConfigurationList section */

/* Begin XCRemoteSwiftPackageReference section */
		C03884FF2B553E3400DD7ADB /* XCRemoteSwiftPackageReference "Carbon" */ = {
			isa = XCRemoteSwiftPackageReference;
			repositoryURL = "https://github.com/ra1028/Carbon";
			requirement = {
				branch = master;
				kind = branch;
			};
		};
		C03885022B553E5000DD7ADB /* XCRemoteSwiftPackageReference "SnapKit" */ = {
			isa = XCRemoteSwiftPackageReference;
			repositoryURL = "https://github.com/SnapKit/SnapKit";
			requirement = {
				kind = upToNextMajorVersion;
				minimumVersion = 5.7.0;
			};
		};
		C0EA8E542B5CF7A30073C1D4 /* XCRemoteSwiftPackageReference "MagazineLayout" */ = {
			isa = XCRemoteSwiftPackageReference;
			repositoryURL = "https://github.com/airbnb/MagazineLayout";
			requirement = {
				kind = upToNextMajorVersion;
				minimumVersion = 1.0.0;
			};
		};
/* End XCRemoteSwiftPackageReference section */

/* Begin XCSwiftPackageProductDependency section */
		C03885002B553E3400DD7ADB /* Carbon */ = {
			isa = XCSwiftPackageProductDependency;
			package = C03884FF2B553E3400DD7ADB /* XCRemoteSwiftPackageReference "Carbon" */;
			productName = Carbon;
		};
		C03885032B553E5000DD7ADB /* SnapKit */ = {
			isa = XCSwiftPackageProductDependency;
			package = C03885022B553E5000DD7ADB /* XCRemoteSwiftPackageReference "SnapKit" */;
			productName = SnapKit;
		};
		C0EA8E552B5CF7A30073C1D4 /* MagazineLayout */ = {
			isa = XCSwiftPackageProductDependency;
			package = C0EA8E542B5CF7A30073C1D4 /* XCRemoteSwiftPackageReference "MagazineLayout" */;
			productName = MagazineLayout;
		};
/* End XCSwiftPackageProductDependency section */
	};
	rootObject = C03884C32B5536BD00DD7ADB /* Project object */;
}
