// !$*UTF8*$!
{
	archiveVersion = 1;
	classes = {
	};
	objectVersion = 56;
	objects = {

/* Begin PBXBuildFile section */
		C03884CF2B5536BD00DD7ADB /* AppDelegate.swift in Sources */ = {isa = PBXBuildFile; fileRef = C03884CE2B5536BD00DD7ADB /* AppDelegate.swift */; };
		C03884D12B5536BD00DD7ADB /* SceneDelegate.swift in Sources */ = {isa = PBXBuildFile; fileRef = C03884D02B5536BD00DD7ADB /* SceneDelegate.swift */; };
		C03884D32B5536BD00DD7ADB /* ViewController.swift in Sources */ = {isa = PBXBuildFile; fileRef = C03884D22B5536BD00DD7ADB /* ViewController.swift */; };
		C03884D82B5536BF00DD7ADB /* Assets.xcassets in Resources */ = {isa = PBXBuildFile; fileRef = C03884D72B5536BF00DD7ADB /* Assets.xcassets */; };
		C03884DB2B5536BF00DD7ADB /* LaunchScreen.storyboard in Resources */ = {isa = PBXBuildFile; fileRef = C03884D92B5536BF00DD7ADB /* LaunchScreen.storyboard */; };
		C03884E62B5536BF00DD7ADB /* CarbonPracticeTests.swift in Sources */ = {isa = PBXBuildFile; fileRef = C03884E52B5536BF00DD7ADB /* CarbonPracticeTests.swift */; };
		C03884F02B5536BF00DD7ADB /* CarbonPracticeUITests.swift in Sources */ = {isa = PBXBuildFile; fileRef = C03884EF2B5536BF00DD7ADB /* CarbonPracticeUITests.swift */; };
		C03884F22B5536BF00DD7ADB /* CarbonPracticeUITestsLaunchTests.swift in Sources */ = {isa = PBXBuildFile; fileRef = C03884F12B5536BF00DD7ADB /* CarbonPracticeUITestsLaunchTests.swift */; };
		C03885012B553E3400DD7ADB /* Carbon in Frameworks */ = {isa = PBXBuildFile; productRef = C03885002B553E3400DD7ADB /* Carbon */; };
		C03885042B553E5000DD7ADB /* SnapKit in Frameworks */ = {isa = PBXBuildFile; productRef = C03885032B553E5000DD7ADB /* SnapKit */; };
/* End PBXBuildFile section */

/* Begin PBXContainerItemProxy section */
		C03884E22B5536BF00DD7ADB /* PBXContainerItemProxy */ = {
			isa = PBXContainerItemProxy;
			containerPortal = C03884C32B5536BD00DD7ADB /* Project object */;
			proxyType = 1;
			remoteGlobalIDString = C03884CA2B5536BD00DD7ADB;
			remoteInfo = CarbonPractice;
		};
		C03884EC2B5536BF00DD7ADB /* PBXContainerItemProxy */ = {
			isa = PBXContainerItemProxy;
			containerPortal = C03884C32B5536BD00DD7ADB /* Project object */;
			proxyType = 1;
			remoteGlobalIDString = C03884CA2B5536BD00DD7ADB;
			remoteInfo = CarbonPractice;
		};
/* End PBXContainerItemProxy section */

/* Begin PBXFileReference section */
		C03884CB2B5536BD00DD7ADB /* CarbonPractice.app */ = {isa = PBXFileReference; explicitFileType = wrapper.application; includeInIndex = 0; path = CarbonPractice.app; sourceTree = BUILT_PRODUCTS_DIR; };
		C03884CE2B5536BD00DD7ADB /* AppDelegate.swift */ = {isa = PBXFileReference; lastKnownFileType = sourcecode.swift; path = AppDelegate.swift; sourceTree = "<group>"; };
		C03884D02B5536BD00DD7ADB /* SceneDelegate.swift */ = {isa = PBXFileReference; lastKnownFileType = sourcecode.swift; path = SceneDelegate.swift; sourceTree = "<group>"; };
		C03884D22B5536BD00DD7ADB /* ViewController.swift */ = {isa = PBXFileReference; lastKnownFileType = sourcecode.swift; path = ViewController.swift; sourceTree = "<group>"; };
		C03884D72B5536BF00DD7ADB /* Assets.xcassets */ = {isa = PBXFileReference; lastKnownFileType = folder.assetcatalog; path = Assets.xcassets; sourceTree = "<group>"; };
		C03884DA2B5536BF00DD7ADB /* Base */ = {isa = PBXFileReference; lastKnownFileType = file.storyboard; name = Base; path = Base.lproj/LaunchScreen.storyboard; sourceTree = "<group>"; };
		C03884DC2B5536BF00DD7ADB /* Info.plist */ = {isa = PBXFileReference; lastKnownFileType = text.plist.xml; path = Info.plist; sourceTree = "<group>"; };
		C03884E12B5536BF00DD7ADB /* CarbonPracticeTests.xctest */ = {isa = PBXFileReference; explicitFileType = wrapper.cfbundle; includeInIndex = 0; path = CarbonPracticeTests.xctest; sourceTree = BUILT_PRODUCTS_DIR; };
		C03884E52B5536BF00DD7ADB /* CarbonPracticeTests.swift */ = {isa = PBXFileReference; lastKnownFileType = sourcecode.swift; path = CarbonPracticeTests.swift; sourceTree = "<group>"; };
		C03884EB2B5536BF00DD7ADB /* CarbonPracticeUITests.xctest */ = {isa = PBXFileReference; explicitFileType = wrapper.cfbundle; includeInIndex = 0; path = CarbonPracticeUITests.xctest; sourceTree = BUILT_PRODUCTS_DIR; };
		C03884EF2B5536BF00DD7ADB /* CarbonPracticeUITests.swift */ = {isa = PBXFileReference; lastKnownFileType = sourcecode.swift; path = CarbonPracticeUITests.swift; sourceTree = "<group>"; };
		C03884F12B5536BF00DD7ADB /* CarbonPracticeUITestsLaunchTests.swift */ = {isa = PBXFileReference; lastKnownFileType = sourcecode.swift; path = CarbonPracticeUITestsLaunchTests.swift; sourceTree = "<group>"; };
/* End PBXFileReference section */

/* Begin PBXFrameworksBuildPhase section */
		C03884C82B5536BD00DD7ADB /* Frameworks */ = {
			isa = PBXFrameworksBuildPhase;
			buildActionMask = 2147483647;
			files = (
				C03885012B553E3400DD7ADB /* Carbon in Frameworks */,
				C03885042B553E5000DD7ADB /* SnapKit in Frameworks */,
			);
			runOnlyForDeploymentPostprocessing = 0;
		};
		C03884DE2B5536BF00DD7ADB /* Frameworks */ = {
			isa = PBXFrameworksBuildPhase;
			buildActionMask = 2147483647;
			files = (
			);
			runOnlyForDeploymentPostprocessing = 0;
		};
		C03884E82B5536BF00DD7ADB /* Frameworks */ = {
			isa = PBXFrameworksBuildPhase;
			buildActionMask = 2147483647;
			files = (
			);
			runOnlyForDeploymentPostprocessing = 0;
		};
/* End PBXFrameworksBuildPhase section */

/* Begin PBXGroup section */
		C03884C22B5536BD00DD7ADB = {
			isa = PBXGroup;
			children = (
				C03884CD2B5536BD00DD7ADB /* CarbonPractice */,
				C03884E42B5536BF00DD7ADB /* CarbonPracticeTests */,
				C03884EE2B5536BF00DD7ADB /* CarbonPracticeUITests */,
				C03884CC2B5536BD00DD7ADB /* Products */,
			);
			sourceTree = "<group>";
		};
		C03884CC2B5536BD00DD7ADB /* Products */ = {
			isa = PBXGroup;
			children = (
				C03884CB2B5536BD00DD7ADB /* CarbonPractice.app */,
				C03884E12B5536BF00DD7ADB /* CarbonPracticeTests.xctest */,
				C03884EB2B5536BF00DD7ADB /* CarbonPracticeUITests.xctest */,
			);
			name = Products;
			sourceTree = "<group>";
		};
		C03884CD2B5536BD00DD7ADB /* CarbonPractice */ = {
			isa = PBXGroup;
			children = (
				C03884CE2B5536BD00DD7ADB /* AppDelegate.swift */,
				C03884D02B5536BD00DD7ADB /* SceneDelegate.swift */,
				C03884D22B5536BD00DD7ADB /* ViewController.swift */,
				C03884D72B5536BF00DD7ADB /* Assets.xcassets */,
				C03884D92B5536BF00DD7ADB /* LaunchScreen.storyboard */,
				C03884DC2B5536BF00DD7ADB /* Info.plist */,
			);
			path = CarbonPractice;
			sourceTree = "<group>";
		};
		C03884E42B5536BF00DD7ADB /* CarbonPracticeTests */ = {
			isa = PBXGroup;
			children = (
				C03884E52B5536BF00DD7ADB /* CarbonPracticeTests.swift */,
			);
			path = CarbonPracticeTests;
			sourceTree = "<group>";
		};
		C03884EE2B5536BF00DD7ADB /* CarbonPracticeUITests */ = {
			isa = PBXGroup;
			children = (
				C03884EF2B5536BF00DD7ADB /* CarbonPracticeUITests.swift */,
				C03884F12B5536BF00DD7ADB /* CarbonPracticeUITestsLaunchTests.swift */,
			);
			path = CarbonPracticeUITests;
			sourceTree = "<group>";
		};
/* End PBXGroup section */

/* Begin PBXNativeTarget section */
		C03884CA2B5536BD00DD7ADB /* CarbonPractice */ = {
			isa = PBXNativeTarget;
			buildConfigurationList = C03884F52B5536BF00DD7ADB /* Build configuration list for PBXNativeTarget "CarbonPractice" */;
			buildPhases = (
				C03884C72B5536BD00DD7ADB /* Sources */,
				C03884C82B5536BD00DD7ADB /* Frameworks */,
				C03884C92B5536BD00DD7ADB /* Resources */,
			);
			buildRules = (
			);
			dependencies = (
			);
			name = CarbonPractice;
			packageProductDependencies = (
				C03885002B553E3400DD7ADB /* Carbon */,
				C03885032B553E5000DD7ADB /* SnapKit */,
			);
			productName = CarbonPractice;
			productReference = C03884CB2B5536BD00DD7ADB /* CarbonPractice.app */;
			productType = "com.apple.product-type.application";
		};
		C03884E02B5536BF00DD7ADB /* CarbonPracticeTests */ = {
			isa = PBXNativeTarget;
			buildConfigurationList = C03884F82B5536BF00DD7ADB /* Build configuration list for PBXNativeTarget "CarbonPracticeTests" */;
			buildPhases = (
				C03884DD2B5536BF00DD7ADB /* Sources */,
				C03884DE2B5536BF00DD7ADB /* Frameworks */,
				C03884DF2B5536BF00DD7ADB /* Resources */,
			);
			buildRules = (
			);
			dependencies = (
				C03884E32B5536BF00DD7ADB /* PBXTargetDependency */,
			);
			name = CarbonPracticeTests;
			productName = CarbonPracticeTests;
			productReference = C03884E12B5536BF00DD7ADB /* CarbonPracticeTests.xctest */;
			productType = "com.apple.product-type.bundle.unit-test";
		};
		C03884EA2B5536BF00DD7ADB /* CarbonPracticeUITests */ = {
			isa = PBXNativeTarget;
			buildConfigurationList = C03884FB2B5536BF00DD7ADB /* Build configuration list for PBXNativeTarget "CarbonPracticeUITests" */;
			buildPhases = (
				C03884E72B5536BF00DD7ADB /* Sources */,
				C03884E82B5536BF00DD7ADB /* Frameworks */,
				C03884E92B5536BF00DD7ADB /* Resources */,
			);
			buildRules = (
			);
			dependencies = (
				C03884ED2B5536BF00DD7ADB /* PBXTargetDependency */,
			);
			name = CarbonPracticeUITests;
			productName = CarbonPracticeUITests;
			productReference = C03884EB2B5536BF00DD7ADB /* CarbonPracticeUITests.xctest */;
			productType = "com.apple.product-type.bundle.ui-testing";
		};
/* End PBXNativeTarget section */

/* Begin PBXProject section */
		C03884C32B5536BD00DD7ADB /* Project object */ = {
			isa = PBXProject;
			attributes = {
				BuildIndependentTargetsInParallel = 1;
				LastSwiftUpdateCheck = 1520;
				LastUpgradeCheck = 1520;
				TargetAttributes = {
					C03884CA2B5536BD00DD7ADB = {
						CreatedOnToolsVersion = 15.2;
					};
					C03884E02B5536BF00DD7ADB = {
						CreatedOnToolsVersion = 15.2;
						TestTargetID = C03884CA2B5536BD00DD7ADB;
					};
					C03884EA2B5536BF00DD7ADB = {
						CreatedOnToolsVersion = 15.2;
						TestTargetID = C03884CA2B5536BD00DD7ADB;
					};
				};
			};
			buildConfigurationList = C03884C62B5536BD00DD7ADB /* Build configuration list for PBXProject "CarbonPractice" */;
			compatibilityVersion = "Xcode 14.0";
			developmentRegion = en;
			hasScannedForEncodings = 0;
			knownRegions = (
				en,
				Base,
			);
			mainGroup = C03884C22B5536BD00DD7ADB;
			packageReferences = (
				C03884FF2B553E3400DD7ADB /* XCRemoteSwiftPackageReference "Carbon" */,
				C03885022B553E5000DD7ADB /* XCRemoteSwiftPackageReference "SnapKit" */,
			);
			productRefGroup = C03884CC2B5536BD00DD7ADB /* Products */;
			projectDirPath = "";
			projectRoot = "";
			targets = (
				C03884CA2B5536BD00DD7ADB /* CarbonPractice */,
				C03884E02B5536BF00DD7ADB /* CarbonPracticeTests */,
				C03884EA2B5536BF00DD7ADB /* CarbonPracticeUITests */,
			);
		};
/* End PBXProject section */

/* Begin PBXResourcesBuildPhase section */
		C03884C92B5536BD00DD7ADB /* Resources */ = {
			isa = PBXResourcesBuildPhase;
			buildActionMask = 2147483647;
			files = (
				C03884DB2B5536BF00DD7ADB /* LaunchScreen.storyboard in Resources */,
				C03884D82B5536BF00DD7ADB /* Assets.xcassets in Resources */,
			);
			runOnlyForDeploymentPostprocessing = 0;
		};
		C03884DF2B5536BF00DD7ADB /* Resources */ = {
			isa = PBXResourcesBuildPhase;
			buildActionMask = 2147483647;
			files = (
			);
			runOnlyForDeploymentPostprocessing = 0;
		};
		C03884E92B5536BF00DD7ADB /* Resources */ = {
			isa = PBXResourcesBuildPhase;
			buildActionMask = 2147483647;
			files = (
			);
			runOnlyForDeploymentPostprocessing = 0;
		};
/* End PBXResourcesBuildPhase section */

/* Begin PBXSourcesBuildPhase section */
		C03884C72B5536BD00DD7ADB /* Sources */ = {
			isa = PBXSourcesBuildPhase;
			buildActionMask = 2147483647;
			files = (
				C03884D32B5536BD00DD7ADB /* ViewController.swift in Sources */,
				C03884CF2B5536BD00DD7ADB /* AppDelegate.swift in Sources */,
				C03884D12B5536BD00DD7ADB /* SceneDelegate.swift in Sources */,
			);
			runOnlyForDeploymentPostprocessing = 0;
		};
		C03884DD2B5536BF00DD7ADB /* Sources */ = {
			isa = PBXSourcesBuildPhase;
			buildActionMask = 2147483647;
			files = (
				C03884E62B5536BF00DD7ADB /* CarbonPracticeTests.swift in Sources */,
			);
			runOnlyForDeploymentPostprocessing = 0;
		};
		C03884E72B5536BF00DD7ADB /* Sources */ = {
			isa = PBXSourcesBuildPhase;
			buildActionMask = 2147483647;
			files = (
				C03884F22B5536BF00DD7ADB /* CarbonPracticeUITestsLaunchTests.swift in Sources */,
				C03884F02B5536BF00DD7ADB /* CarbonPracticeUITests.swift in Sources */,
			);
			runOnlyForDeploymentPostprocessing = 0;
		};
/* End PBXSourcesBuildPhase section */

/* Begin PBXTargetDependency section */
		C03884E32B5536BF00DD7ADB /* PBXTargetDependency */ = {
			isa = PBXTargetDependency;
			target = C03884CA2B5536BD00DD7ADB /* CarbonPractice */;
			targetProxy = C03884E22B5536BF00DD7ADB /* PBXContainerItemProxy */;
		};
		C03884ED2B5536BF00DD7ADB /* PBXTargetDependency */ = {
			isa = PBXTargetDependency;
			target = C03884CA2B5536BD00DD7ADB /* CarbonPractice */;
			targetProxy = C03884EC2B5536BF00DD7ADB /* PBXContainerItemProxy */;
		};
/* End PBXTargetDependency section */

/* Begin PBXVariantGroup section */
		C03884D92B5536BF00DD7ADB /* LaunchScreen.storyboard */ = {
			isa = PBXVariantGroup;
			children = (
				C03884DA2B5536BF00DD7ADB /* Base */,
			);
			name = LaunchScreen.storyboard;
			sourceTree = "<group>";
		};
/* End PBXVariantGroup section */

/* Begin XCBuildConfiguration section */
		C03884F32B5536BF00DD7ADB /* Debug */ = {
			isa = XCBuildConfiguration;
			buildSettings = {
				ALWAYS_SEARCH_USER_PATHS = NO;
				ASSETCATALOG_COMPILER_GENERATE_SWIFT_ASSET_SYMBOL_EXTENSIONS = YES;
				CLANG_ANALYZER_NONNULL = YES;
				CLANG_ANALYZER_NUMBER_OBJECT_CONVERSION = YES_AGGRESSIVE;
				CLANG_CXX_LANGUAGE_STANDARD = "gnu++20";
				CLANG_ENABLE_MODULES = YES;
				CLANG_ENABLE_OBJC_ARC = YES;
				CLANG_ENABLE_OBJC_WEAK = YES;
				CLANG_WARN_BLOCK_CAPTURE_AUTORELEASING = YES;
				CLANG_WARN_BOOL_CONVERSION = YES;
				CLANG_WARN_COMMA = YES;
				CLANG_WARN_CONSTANT_CONVERSION = YES;
				CLANG_WARN_DEPRECATED_OBJC_IMPLEMENTATIONS = YES;
				CLANG_WARN_DIRECT_OBJC_ISA_USAGE = YES_ERROR;
				CLANG_WARN_DOCUMENTATION_COMMENTS = YES;
				CLANG_WARN_EMPTY_BODY = YES;
				CLANG_WARN_ENUM_CONVERSION = YES;
				CLANG_WARN_INFINITE_RECURSION = YES;
				CLANG_WARN_INT_CONVERSION = YES;
				CLANG_WARN_NON_LITERAL_NULL_CONVERSION = YES;
				CLANG_WARN_OBJC_IMPLICIT_RETAIN_SELF = YES;
				CLANG_WARN_OBJC_LITERAL_CONVERSION = YES;
				CLANG_WARN_OBJC_ROOT_CLASS = YES_ERROR;
				CLANG_WARN_QUOTED_INCLUDE_IN_FRAMEWORK_HEADER = YES;
				CLANG_WARN_RANGE_LOOP_ANALYSIS = YES;
				CLANG_WARN_STRICT_PROTOTYPES = YES;
				CLANG_WARN_SUSPICIOUS_MOVE = YES;
				CLANG_WARN_UNGUARDED_AVAILABILITY = YES_AGGRESSIVE;
				CLANG_WARN_UNREACHABLE_CODE = YES;
				CLANG_WARN__DUPLICATE_METHOD_MATCH = YES;
				COPY_PHASE_STRIP = NO;
				DEBUG_INFORMATION_FORMAT = dwarf;
				ENABLE_STRICT_OBJC_MSGSEND = YES;
				ENABLE_TESTABILITY = YES;
				ENABLE_USER_SCRIPT_SANDBOXING = YES;
				GCC_C_LANGUAGE_STANDARD = gnu17;
				GCC_DYNAMIC_NO_PIC = NO;
				GCC_NO_COMMON_BLOCKS = YES;
				GCC_OPTIMIZATION_LEVEL = 0;
				GCC_PREPROCESSOR_DEFINITIONS = (
					"DEBUG=1",
					"$(inherited)",
				);
				GCC_WARN_64_TO_32_BIT_CONVERSION = YES;
				GCC_WARN_ABOUT_RETURN_TYPE = YES_ERROR;
				GCC_WARN_UNDECLARED_SELECTOR = YES;
				GCC_WARN_UNINITIALIZED_AUTOS = YES_AGGRESSIVE;
				GCC_WARN_UNUSED_FUNCTION = YES;
				GCC_WARN_UNUSED_VARIABLE = YES;
				IPHONEOS_DEPLOYMENT_TARGET = 14.0;
				LOCALIZATION_PREFERS_STRING_CATALOGS = YES;
				MTL_ENABLE_DEBUG_INFO = INCLUDE_SOURCE;
				MTL_FAST_MATH = YES;
				ONLY_ACTIVE_ARCH = YES;
				SDKROOT = iphoneos;
				SWIFT_ACTIVE_COMPILATION_CONDITIONS = "DEBUG $(inherited)";
				SWIFT_OPTIMIZATION_LEVEL = "-Onone";
			};
			name = Debug;
		};
		C03884F42B5536BF00DD7ADB /* Release */ = {
			isa = XCBuildConfiguration;
			buildSettings = {
				ALWAYS_SEARCH_USER_PATHS = NO;
				ASSETCATALOG_COMPILER_GENERATE_SWIFT_ASSET_SYMBOL_EXTENSIONS = YES;
				CLANG_ANALYZER_NONNULL = YES;
				CLANG_ANALYZER_NUMBER_OBJECT_CONVERSION = YES_AGGRESSIVE;
				CLANG_CXX_LANGUAGE_STANDARD = "gnu++20";
				CLANG_ENABLE_MODULES = YES;
				CLANG_ENABLE_OBJC_ARC = YES;
				CLANG_ENABLE_OBJC_WEAK = YES;
				CLANG_WARN_BLOCK_CAPTURE_AUTORELEASING = YES;
				CLANG_WARN_BOOL_CONVERSION = YES;
				CLANG_WARN_COMMA = YES;
				CLANG_WARN_CONSTANT_CONVERSION = YES;
				CLANG_WARN_DEPRECATED_OBJC_IMPLEMENTATIONS = YES;
				CLANG_WARN_DIRECT_OBJC_ISA_USAGE = YES_ERROR;
				CLANG_WARN_DOCUMENTATION_COMMENTS = YES;
				CLANG_WARN_EMPTY_BODY = YES;
				CLANG_WARN_ENUM_CONVERSION = YES;
				CLANG_WARN_INFINITE_RECURSION = YES;
				CLANG_WARN_INT_CONVERSION = YES;
				CLANG_WARN_NON_LITERAL_NULL_CONVERSION = YES;
				CLANG_WARN_OBJC_IMPLICIT_RETAIN_SELF = YES;
				CLANG_WARN_OBJC_LITERAL_CONVERSION = YES;
				CLANG_WARN_OBJC_ROOT_CLASS = YES_ERROR;
				CLANG_WARN_QUOTED_INCLUDE_IN_FRAMEWORK_HEADER = YES;
				CLANG_WARN_RANGE_LOOP_ANALYSIS = YES;
				CLANG_WARN_STRICT_PROTOTYPES = YES;
				CLANG_WARN_SUSPICIOUS_MOVE = YES;
				CLANG_WARN_UNGUARDED_AVAILABILITY = YES_AGGRESSIVE;
				CLANG_WARN_UNREACHABLE_CODE = YES;
				CLANG_WARN__DUPLICATE_METHOD_MATCH = YES;
				COPY_PHASE_STRIP = NO;
				DEBUG_INFORMATION_FORMAT = "dwarf-with-dsym";
				ENABLE_NS_ASSERTIONS = NO;
				ENABLE_STRICT_OBJC_MSGSEND = YES;
				ENABLE_USER_SCRIPT_SANDBOXING = YES;
				GCC_C_LANGUAGE_STANDARD = gnu17;
				GCC_NO_COMMON_BLOCKS = YES;
				GCC_WARN_64_TO_32_BIT_CONVERSION = YES;
				GCC_WARN_ABOUT_RETURN_TYPE = YES_ERROR;
				GCC_WARN_UNDECLARED_SELECTOR = YES;
				GCC_WARN_UNINITIALIZED_AUTOS = YES_AGGRESSIVE;
				GCC_WARN_UNUSED_FUNCTION = YES;
				GCC_WARN_UNUSED_VARIABLE = YES;
				IPHONEOS_DEPLOYMENT_TARGET = 14.0;
				LOCALIZATION_PREFERS_STRING_CATALOGS = YES;
				MTL_ENABLE_DEBUG_INFO = NO;
				MTL_FAST_MATH = YES;
				SDKROOT = iphoneos;
				SWIFT_COMPILATION_MODE = wholemodule;
				VALIDATE_PRODUCT = YES;
			};
			name = Release;
		};
		C03884F62B5536BF00DD7ADB /* Debug */ = {
			isa = XCBuildConfiguration;
			buildSettings = {
				ASSETCATALOG_COMPILER_APPICON_NAME = AppIcon;
				ASSETCATALOG_COMPILER_GLOBAL_ACCENT_COLOR_NAME = AccentColor;
				CODE_SIGN_STYLE = Automatic;
				CURRENT_PROJECT_VERSION = 1;
				DEVELOPMENT_TEAM = Z225784MRD;
				GENERATE_INFOPLIST_FILE = YES;
				INFOPLIST_FILE = CarbonPractice/Info.plist;
				INFOPLIST_KEY_UIApplicationSupportsIndirectInputEvents = YES;
				INFOPLIST_KEY_UILaunchStoryboardName = LaunchScreen;
				INFOPLIST_KEY_UISupportedInterfaceOrientations_iPad = "UIInterfaceOrientationPortrait UIInterfaceOrientationPortraitUpsideDown UIInterfaceOrientationLandscapeLeft UIInterfaceOrientationLandscapeRight";
				INFOPLIST_KEY_UISupportedInterfaceOrientations_iPhone = "UIInterfaceOrientationPortrait UIInterfaceOrientationLandscapeLeft UIInterfaceOrientationLandscapeRight";
				IPHONEOS_DEPLOYMENT_TARGET = 14.0;
				LD_RUNPATH_SEARCH_PATHS = (
					"$(inherited)",
					"@executable_path/Frameworks",
				);
				MARKETING_VERSION = 1.0;
				PRODUCT_BUNDLE_IDENTIFIER = uikit.CarbonPractice;
				PRODUCT_NAME = "$(TARGET_NAME)";
				SUPPORTED_PLATFORMS = "iphoneos iphonesimulator";
				SUPPORTS_MACCATALYST = NO;
				SUPPORTS_MAC_DESIGNED_FOR_IPHONE_IPAD = NO;
				SUPPORTS_XR_DESIGNED_FOR_IPHONE_IPAD = NO;
				SWIFT_EMIT_LOC_STRINGS = YES;
				SWIFT_VERSION = 5.0;
				TARGETED_DEVICE_FAMILY = 1;
			};
			name = Debug;
		};
		C03884F72B5536BF00DD7ADB /* Release */ = {
			isa = XCBuildConfiguration;
			buildSettings = {
				ASSETCATALOG_COMPILER_APPICON_NAME = AppIcon;
				ASSETCATALOG_COMPILER_GLOBAL_ACCENT_COLOR_NAME = AccentColor;
				CODE_SIGN_STYLE = Automatic;
				CURRENT_PROJECT_VERSION = 1;
				DEVELOPMENT_TEAM = Z225784MRD;
				GENERATE_INFOPLIST_FILE = YES;
				INFOPLIST_FILE = CarbonPractice/Info.plist;
				INFOPLIST_KEY_UIApplicationSupportsIndirectInputEvents = YES;
				INFOPLIST_KEY_UILaunchStoryboardName = LaunchScreen;
				INFOPLIST_KEY_UISupportedInterfaceOrientations_iPad = "UIInterfaceOrientationPortrait UIInterfaceOrientationPortraitUpsideDown UIInterfaceOrientationLandscapeLeft UIInterfaceOrientationLandscapeRight";
				INFOPLIST_KEY_UISupportedInterfaceOrientations_iPhone = "UIInterfaceOrientationPortrait UIInterfaceOrientationLandscapeLeft UIInterfaceOrientationLandscapeRight";
				IPHONEOS_DEPLOYMENT_TARGET = 14.0;
				LD_RUNPATH_SEARCH_PATHS = (
					"$(inherited)",
					"@executable_path/Frameworks",
				);
				MARKETING_VERSION = 1.0;
				PRODUCT_BUNDLE_IDENTIFIER = uikit.CarbonPractice;
				PRODUCT_NAME = "$(TARGET_NAME)";
				SUPPORTED_PLATFORMS = "iphoneos iphonesimulator";
				SUPPORTS_MACCATALYST = NO;
				SUPPORTS_MAC_DESIGNED_FOR_IPHONE_IPAD = NO;
				SUPPORTS_XR_DESIGNED_FOR_IPHONE_IPAD = NO;
				SWIFT_EMIT_LOC_STRINGS = YES;
				SWIFT_VERSION = 5.0;
				TARGETED_DEVICE_FAMILY = 1;
			};
			name = Release;
		};
		C03884F92B5536BF00DD7ADB /* Debug */ = {
			isa = XCBuildConfiguration;
			buildSettings = {
				ALWAYS_EMBED_SWIFT_STANDARD_LIBRARIES = YES;
				BUNDLE_LOADER = "$(TEST_HOST)";
				CODE_SIGN_STYLE = Automatic;
				CURRENT_PROJECT_VERSION = 1;
				DEVELOPMENT_TEAM = Z225784MRD;
				GENERATE_INFOPLIST_FILE = YES;
				IPHONEOS_DEPLOYMENT_TARGET = 17.2;
				MARKETING_VERSION = 1.0;
				PRODUCT_BUNDLE_IDENTIFIER = uikit.CarbonPracticeTests;
				PRODUCT_NAME = "$(TARGET_NAME)";
				SWIFT_EMIT_LOC_STRINGS = NO;
				SWIFT_VERSION = 5.0;
				TARGETED_DEVICE_FAMILY = "1,2";
				TEST_HOST = "$(BUILT_PRODUCTS_DIR)/CarbonPractice.app/$(BUNDLE_EXECUTABLE_FOLDER_PATH)/CarbonPractice";
			};
			name = Debug;
		};
		C03884FA2B5536BF00DD7ADB /* Release */ = {
			isa = XCBuildConfiguration;
			buildSettings = {
				ALWAYS_EMBED_SWIFT_STANDARD_LIBRARIES = YES;
				BUNDLE_LOADER = "$(TEST_HOST)";
				CODE_SIGN_STYLE = Automatic;
				CURRENT_PROJECT_VERSION = 1;
				DEVELOPMENT_TEAM = Z225784MRD;
				GENERATE_INFOPLIST_FILE = YES;
				IPHONEOS_DEPLOYMENT_TARGET = 17.2;
				MARKETING_VERSION = 1.0;
				PRODUCT_BUNDLE_IDENTIFIER = uikit.CarbonPracticeTests;
				PRODUCT_NAME = "$(TARGET_NAME)";
				SWIFT_EMIT_LOC_STRINGS = NO;
				SWIFT_VERSION = 5.0;
				TARGETED_DEVICE_FAMILY = "1,2";
				TEST_HOST = "$(BUILT_PRODUCTS_DIR)/CarbonPractice.app/$(BUNDLE_EXECUTABLE_FOLDER_PATH)/CarbonPractice";
			};
			name = Release;
		};
		C03884FC2B5536BF00DD7ADB /* Debug */ = {
			isa = XCBuildConfiguration;
			buildSettings = {
				ALWAYS_EMBED_SWIFT_STANDARD_LIBRARIES = YES;
				CODE_SIGN_STYLE = Automatic;
				CURRENT_PROJECT_VERSION = 1;
				DEVELOPMENT_TEAM = Z225784MRD;
				GENERATE_INFOPLIST_FILE = YES;
				MARKETING_VERSION = 1.0;
				PRODUCT_BUNDLE_IDENTIFIER = uikit.CarbonPracticeUITests;
				PRODUCT_NAME = "$(TARGET_NAME)";
				SWIFT_EMIT_LOC_STRINGS = NO;
				SWIFT_VERSION = 5.0;
				TARGETED_DEVICE_FAMILY = "1,2";
				TEST_TARGET_NAME = CarbonPractice;
			};
			name = Debug;
		};
		C03884FD2B5536BF00DD7ADB /* Release */ = {
			isa = XCBuildConfiguration;
			buildSettings = {
				ALWAYS_EMBED_SWIFT_STANDARD_LIBRARIES = YES;
				CODE_SIGN_STYLE = Automatic;
				CURRENT_PROJECT_VERSION = 1;
				DEVELOPMENT_TEAM = Z225784MRD;
				GENERATE_INFOPLIST_FILE = YES;
				MARKETING_VERSION = 1.0;
				PRODUCT_BUNDLE_IDENTIFIER = uikit.CarbonPracticeUITests;
				PRODUCT_NAME = "$(TARGET_NAME)";
				SWIFT_EMIT_LOC_STRINGS = NO;
				SWIFT_VERSION = 5.0;
				TARGETED_DEVICE_FAMILY = "1,2";
				TEST_TARGET_NAME = CarbonPractice;
			};
			name = Release;
		};
/* End XCBuildConfiguration section */

/* Begin XCConfigurationList section */
		C03884C62B5536BD00DD7ADB /* Build configuration list for PBXProject "CarbonPractice" */ = {
			isa = XCConfigurationList;
			buildConfigurations = (
				C03884F32B5536BF00DD7ADB /* Debug */,
				C03884F42B5536BF00DD7ADB /* Release */,
			);
			defaultConfigurationIsVisible = 0;
			defaultConfigurationName = Release;
		};
		C03884F52B5536BF00DD7ADB /* Build configuration list for PBXNativeTarget "CarbonPractice" */ = {
			isa = XCConfigurationList;
			buildConfigurations = (
				C03884F62B5536BF00DD7ADB /* Debug */,
				C03884F72B5536BF00DD7ADB /* Release */,
			);
			defaultConfigurationIsVisible = 0;
			defaultConfigurationName = Release;
		};
		C03884F82B5536BF00DD7ADB /* Build configuration list for PBXNativeTarget "CarbonPracticeTests" */ = {
			isa = XCConfigurationList;
			buildConfigurations = (
				C03884F92B5536BF00DD7ADB /* Debug */,
				C03884FA2B5536BF00DD7ADB /* Release */,
			);
			defaultConfigurationIsVisible = 0;
			defaultConfigurationName = Release;
		};
		C03884FB2B5536BF00DD7ADB /* Build configuration list for PBXNativeTarget "CarbonPracticeUITests" */ = {
			isa = XCConfigurationList;
			buildConfigurations = (
				C03884FC2B5536BF00DD7ADB /* Debug */,
				C03884FD2B5536BF00DD7ADB /* Release */,
			);
			defaultConfigurationIsVisible = 0;
			defaultConfigurationName = Release;
		};
/* End XCConfigurationList section */

/* Begin XCRemoteSwiftPackageReference section */
		C03884FF2B553E3400DD7ADB /* XCRemoteSwiftPackageReference "Carbon" */ = {
			isa = XCRemoteSwiftPackageReference;
			repositoryURL = "https://github.com/ra1028/Carbon";
			requirement = {
				branch = master;
				kind = branch;
			};
		};
		C03885022B553E5000DD7ADB /* XCRemoteSwiftPackageReference "SnapKit" */ = {
			isa = XCRemoteSwiftPackageReference;
			repositoryURL = "https://github.com/SnapKit/SnapKit";
			requirement = {
				kind = upToNextMajorVersion;
				minimumVersion = 5.7.0;
			};
		};
/* End XCRemoteSwiftPackageReference section */

/* Begin XCSwiftPackageProductDependency section */
		C03885002B553E3400DD7ADB /* Carbon */ = {
			isa = XCSwiftPackageProductDependency;
			package = C03884FF2B553E3400DD7ADB /* XCRemoteSwiftPackageReference "Carbon" */;
			productName = Carbon;
		};
		C03885032B553E5000DD7ADB /* SnapKit */ = {
			isa = XCSwiftPackageProductDependency;
			package = C03885022B553E5000DD7ADB /* XCRemoteSwiftPackageReference "SnapKit" */;
			productName = SnapKit;
		};
/* End XCSwiftPackageProductDependency section */
	};
	rootObject = C03884C32B5536BD00DD7ADB /* Project object */;
}
